// !$*UTF8*$!
{
	archiveVersion = 1;
	classes = {
	};
	objectVersion = 50;
	objects = {

/* Begin PBXBuildFile section */
		3F2A1A2A26D624AE004923BA /* AppDelegate.swift in Sources */ = {isa = PBXBuildFile; fileRef = 3F2A1A2926D624AE004923BA /* AppDelegate.swift */; };
		3F2A1A3326D624AF004923BA /* Assets.xcassets in Resources */ = {isa = PBXBuildFile; fileRef = 3F2A1A3226D624AF004923BA /* Assets.xcassets */; };
		3F2A1A3626D624AF004923BA /* LaunchScreen.storyboard in Resources */ = {isa = PBXBuildFile; fileRef = 3F2A1A3426D624AF004923BA /* LaunchScreen.storyboard */; };
		3F2A1A4126D628A4004923BA /* Nunito-Bold.ttf in Resources */ = {isa = PBXBuildFile; fileRef = 3F2A1A3E26D628A3004923BA /* Nunito-Bold.ttf */; };
		3F2A1A4226D628A4004923BA /* Nunito-ExtraBold.ttf in Resources */ = {isa = PBXBuildFile; fileRef = 3F2A1A3F26D628A3004923BA /* Nunito-ExtraBold.ttf */; };
		3F2A1A4326D628A4004923BA /* Nunito-SemiBold.ttf in Resources */ = {isa = PBXBuildFile; fileRef = 3F2A1A4026D628A3004923BA /* Nunito-SemiBold.ttf */; };
		3F2A1A4A26D67614004923BA /* DashboardViewController.swift in Sources */ = {isa = PBXBuildFile; fileRef = 3F2A1A4926D67614004923BA /* DashboardViewController.swift */; };
		3F2A1A4C26D67630004923BA /* NewPlayerViewController.swift in Sources */ = {isa = PBXBuildFile; fileRef = 3F2A1A4B26D67630004923BA /* NewPlayerViewController.swift */; };
		3F2A1A4F26D67665004923BA /* RollViewController.swift in Sources */ = {isa = PBXBuildFile; fileRef = 3F2A1A4E26D67665004923BA /* RollViewController.swift */; };
		3F2A1A5126D67675004923BA /* ResultViewController.swift in Sources */ = {isa = PBXBuildFile; fileRef = 3F2A1A5026D67675004923BA /* ResultViewController.swift */; };
		3F2A1A5326D6768C004923BA /* GameViewController.swift in Sources */ = {isa = PBXBuildFile; fileRef = 3F2A1A5226D6768C004923BA /* GameViewController.swift */; };
		3F2A1A5526D677FD004923BA /* ShadowedButton.swift in Sources */ = {isa = PBXBuildFile; fileRef = 3F2A1A5426D677FD004923BA /* ShadowedButton.swift */; };
		3F2A1A5726D68DFB004923BA /* PlayerTextField.swift in Sources */ = {isa = PBXBuildFile; fileRef = 3F2A1A5626D68DFB004923BA /* PlayerTextField.swift */; };
		3F768A4726DCB9B700684F24 /* Player.swift in Sources */ = {isa = PBXBuildFile; fileRef = 3F768A4626DCB9B700684F24 /* Player.swift */; };
		3F768A4A26DCBD2C00684F24 /* Coordinator.swift in Sources */ = {isa = PBXBuildFile; fileRef = 3F768A4926DCBD2C00684F24 /* Coordinator.swift */; };
		3F768A4D26DCBED700684F24 /* StatusService.swift in Sources */ = {isa = PBXBuildFile; fileRef = 3F768A4C26DCBED700684F24 /* StatusService.swift */; };
		3F768A5026DCBF3600684F24 /* DashboardViewModel.swift in Sources */ = {isa = PBXBuildFile; fileRef = 3F768A4F26DCBF3600684F24 /* DashboardViewModel.swift */; };
		3F768A5326DCC26500684F24 /* NewPlayerViewModel.swift in Sources */ = {isa = PBXBuildFile; fileRef = 3F768A5226DCC26500684F24 /* NewPlayerViewModel.swift */; };
		3FD81E0B26DD30470015675D /* GameViewModel.swift in Sources */ = {isa = PBXBuildFile; fileRef = 3FD81E0A26DD30470015675D /* GameViewModel.swift */; };
		3FD81E0D26DD30CD0015675D /* ResultsViewModel.swift in Sources */ = {isa = PBXBuildFile; fileRef = 3FD81E0C26DD30CD0015675D /* ResultsViewModel.swift */; };
		84FE66F126DC258A00DE8F57 /* CarouselCell.swift in Sources */ = {isa = PBXBuildFile; fileRef = 84FE66F026DC258A00DE8F57 /* CarouselCell.swift */; };
		84FE66F426DC2A2800DE8F57 /* UserCell.swift in Sources */ = {isa = PBXBuildFile; fileRef = 84FE66F326DC2A2800DE8F57 /* UserCell.swift */; };
/* End PBXBuildFile section */

/* Begin PBXFileReference section */
		3F2A1A2626D624AE004923BA /* RSTask10.app */ = {isa = PBXFileReference; explicitFileType = wrapper.application; includeInIndex = 0; path = RSTask10.app; sourceTree = BUILT_PRODUCTS_DIR; };
		3F2A1A2926D624AE004923BA /* AppDelegate.swift */ = {isa = PBXFileReference; lastKnownFileType = sourcecode.swift; path = AppDelegate.swift; sourceTree = "<group>"; };
		3F2A1A3226D624AF004923BA /* Assets.xcassets */ = {isa = PBXFileReference; lastKnownFileType = folder.assetcatalog; path = Assets.xcassets; sourceTree = "<group>"; };
		3F2A1A3526D624AF004923BA /* Base */ = {isa = PBXFileReference; lastKnownFileType = file.storyboard; name = Base; path = Base.lproj/LaunchScreen.storyboard; sourceTree = "<group>"; };
		3F2A1A3726D624AF004923BA /* Info.plist */ = {isa = PBXFileReference; lastKnownFileType = text.plist.xml; path = Info.plist; sourceTree = "<group>"; };
		3F2A1A3E26D628A3004923BA /* Nunito-Bold.ttf */ = {isa = PBXFileReference; lastKnownFileType = file; path = "Nunito-Bold.ttf"; sourceTree = "<group>"; };
		3F2A1A3F26D628A3004923BA /* Nunito-ExtraBold.ttf */ = {isa = PBXFileReference; lastKnownFileType = file; path = "Nunito-ExtraBold.ttf"; sourceTree = "<group>"; };
		3F2A1A4026D628A3004923BA /* Nunito-SemiBold.ttf */ = {isa = PBXFileReference; lastKnownFileType = file; path = "Nunito-SemiBold.ttf"; sourceTree = "<group>"; };
		3F2A1A4926D67614004923BA /* DashboardViewController.swift */ = {isa = PBXFileReference; lastKnownFileType = sourcecode.swift; path = DashboardViewController.swift; sourceTree = "<group>"; };
		3F2A1A4B26D67630004923BA /* NewPlayerViewController.swift */ = {isa = PBXFileReference; lastKnownFileType = sourcecode.swift; path = NewPlayerViewController.swift; sourceTree = "<group>"; };
		3F2A1A4E26D67665004923BA /* RollViewController.swift */ = {isa = PBXFileReference; lastKnownFileType = sourcecode.swift; path = RollViewController.swift; sourceTree = "<group>"; };
		3F2A1A5026D67675004923BA /* ResultViewController.swift */ = {isa = PBXFileReference; lastKnownFileType = sourcecode.swift; path = ResultViewController.swift; sourceTree = "<group>"; };
		3F2A1A5226D6768C004923BA /* GameViewController.swift */ = {isa = PBXFileReference; lastKnownFileType = sourcecode.swift; path = GameViewController.swift; sourceTree = "<group>"; };
		3F2A1A5426D677FD004923BA /* ShadowedButton.swift */ = {isa = PBXFileReference; lastKnownFileType = sourcecode.swift; path = ShadowedButton.swift; sourceTree = "<group>"; };
		3F2A1A5626D68DFB004923BA /* PlayerTextField.swift */ = {isa = PBXFileReference; lastKnownFileType = sourcecode.swift; path = PlayerTextField.swift; sourceTree = "<group>"; };
		3F768A4626DCB9B700684F24 /* Player.swift */ = {isa = PBXFileReference; lastKnownFileType = sourcecode.swift; path = Player.swift; sourceTree = "<group>"; };
		3F768A4926DCBD2C00684F24 /* Coordinator.swift */ = {isa = PBXFileReference; lastKnownFileType = sourcecode.swift; path = Coordinator.swift; sourceTree = "<group>"; };
		3F768A4C26DCBED700684F24 /* StatusService.swift */ = {isa = PBXFileReference; lastKnownFileType = sourcecode.swift; path = StatusService.swift; sourceTree = "<group>"; };
		3F768A4F26DCBF3600684F24 /* DashboardViewModel.swift */ = {isa = PBXFileReference; lastKnownFileType = sourcecode.swift; path = DashboardViewModel.swift; sourceTree = "<group>"; };
		3F768A5226DCC26500684F24 /* NewPlayerViewModel.swift */ = {isa = PBXFileReference; lastKnownFileType = sourcecode.swift; path = NewPlayerViewModel.swift; sourceTree = "<group>"; };
		3FD81E0A26DD30470015675D /* GameViewModel.swift */ = {isa = PBXFileReference; lastKnownFileType = sourcecode.swift; path = GameViewModel.swift; sourceTree = "<group>"; };
		3FD81E0C26DD30CD0015675D /* ResultsViewModel.swift */ = {isa = PBXFileReference; lastKnownFileType = sourcecode.swift; path = ResultsViewModel.swift; sourceTree = "<group>"; };
		84FE66F026DC258A00DE8F57 /* CarouselCell.swift */ = {isa = PBXFileReference; lastKnownFileType = sourcecode.swift; path = CarouselCell.swift; sourceTree = "<group>"; };
		84FE66F326DC2A2800DE8F57 /* UserCell.swift */ = {isa = PBXFileReference; lastKnownFileType = sourcecode.swift; path = UserCell.swift; sourceTree = "<group>"; };
/* End PBXFileReference section */

/* Begin PBXFrameworksBuildPhase section */
		3F2A1A2326D624AE004923BA /* Frameworks */ = {
			isa = PBXFrameworksBuildPhase;
			buildActionMask = 2147483647;
			files = (
			);
			runOnlyForDeploymentPostprocessing = 0;
		};
/* End PBXFrameworksBuildPhase section */

/* Begin PBXGroup section */
		3F2A1A1D26D624AE004923BA = {
			isa = PBXGroup;
			children = (
				3F2A1A2826D624AE004923BA /* RSTask10 */,
				3F2A1A2726D624AE004923BA /* Products */,
			);
			sourceTree = "<group>";
		};
		3F2A1A2726D624AE004923BA /* Products */ = {
			isa = PBXGroup;
			children = (
				3F2A1A2626D624AE004923BA /* RSTask10.app */,
			);
			name = Products;
			sourceTree = "<group>";
		};
		3F2A1A2826D624AE004923BA /* RSTask10 */ = {
			isa = PBXGroup;
			children = (
				3F768A4E26DCBF1700684F24 /* ViewModel */,
				3F768A4B26DCBEC300684F24 /* Service */,
				3F768A4826DCBA9600684F24 /* Model */,
				3F2A1A4826D675CC004923BA /* Custom View */,
				3F2A1A4726D675C4004923BA /* Controllers */,
				3F2A1A4426D62923004923BA /* Support Files */,
				3F768A4926DCBD2C00684F24 /* Coordinator.swift */,
			);
			path = RSTask10;
			sourceTree = "<group>";
		};
		3F2A1A3D26D62896004923BA /* Fonts */ = {
			isa = PBXGroup;
			children = (
				3F2A1A3E26D628A3004923BA /* Nunito-Bold.ttf */,
				3F2A1A3F26D628A3004923BA /* Nunito-ExtraBold.ttf */,
				3F2A1A4026D628A3004923BA /* Nunito-SemiBold.ttf */,
			);
			path = Fonts;
			sourceTree = "<group>";
		};
		3F2A1A4426D62923004923BA /* Support Files */ = {
			isa = PBXGroup;
			children = (
				3F2A1A2926D624AE004923BA /* AppDelegate.swift */,
				3F2A1A3226D624AF004923BA /* Assets.xcassets */,
				3F2A1A3426D624AF004923BA /* LaunchScreen.storyboard */,
				3F2A1A3D26D62896004923BA /* Fonts */,
				3F2A1A3726D624AF004923BA /* Info.plist */,
			);
			path = "Support Files";
			sourceTree = "<group>";
		};
		3F2A1A4726D675C4004923BA /* Controllers */ = {
			isa = PBXGroup;
			children = (
				3F2A1A4926D67614004923BA /* DashboardViewController.swift */,
				3F2A1A4B26D67630004923BA /* NewPlayerViewController.swift */,
				3F2A1A4E26D67665004923BA /* RollViewController.swift */,
				3F2A1A5026D67675004923BA /* ResultViewController.swift */,
				3F2A1A5226D6768C004923BA /* GameViewController.swift */,
			);
			path = Controllers;
			sourceTree = "<group>";
		};
		3F2A1A4826D675CC004923BA /* Custom View */ = {
			isa = PBXGroup;
			children = (
				3F2A1A5426D677FD004923BA /* ShadowedButton.swift */,
				3F2A1A5626D68DFB004923BA /* PlayerTextField.swift */,
				84FE66F026DC258A00DE8F57 /* CarouselCell.swift */,
				84FE66F326DC2A2800DE8F57 /* UserCell.swift */,
			);
			path = "Custom View";
			sourceTree = "<group>";
		};
		3F768A4826DCBA9600684F24 /* Model */ = {
			isa = PBXGroup;
			children = (
				3F768A4626DCB9B700684F24 /* Player.swift */,
			);
			path = Model;
			sourceTree = "<group>";
		};
		3F768A4B26DCBEC300684F24 /* Service */ = {
			isa = PBXGroup;
			children = (
				3F768A4C26DCBED700684F24 /* StatusService.swift */,
			);
			path = Service;
			sourceTree = "<group>";
		};
		3F768A4E26DCBF1700684F24 /* ViewModel */ = {
			isa = PBXGroup;
			children = (
				3F768A4F26DCBF3600684F24 /* DashboardViewModel.swift */,
				3F768A5226DCC26500684F24 /* NewPlayerViewModel.swift */,
				3FD81E0A26DD30470015675D /* GameViewModel.swift */,
				3FD81E0C26DD30CD0015675D /* ResultsViewModel.swift */,
			);
			path = ViewModel;
			sourceTree = "<group>";
		};
/* End PBXGroup section */

/* Begin PBXNativeTarget section */
		3F2A1A2526D624AE004923BA /* RSTask10 */ = {
			isa = PBXNativeTarget;
			buildConfigurationList = 3F2A1A3A26D624AF004923BA /* Build configuration list for PBXNativeTarget "RSTask10" */;
			buildPhases = (
				3F2A1A2226D624AE004923BA /* Sources */,
				3F2A1A2326D624AE004923BA /* Frameworks */,
				3F2A1A2426D624AE004923BA /* Resources */,
			);
			buildRules = (
			);
			dependencies = (
			);
			name = RSTask10;
			productName = RSTask10;
			productReference = 3F2A1A2626D624AE004923BA /* RSTask10.app */;
			productType = "com.apple.product-type.application";
		};
/* End PBXNativeTarget section */

/* Begin PBXProject section */
		3F2A1A1E26D624AE004923BA /* Project object */ = {
			isa = PBXProject;
			attributes = {
				LastSwiftUpdateCheck = 1250;
				LastUpgradeCheck = 1250;
				TargetAttributes = {
					3F2A1A2526D624AE004923BA = {
						CreatedOnToolsVersion = 12.5.1;
					};
				};
			};
			buildConfigurationList = 3F2A1A2126D624AE004923BA /* Build configuration list for PBXProject "RSTask10" */;
			compatibilityVersion = "Xcode 9.3";
			developmentRegion = en;
			hasScannedForEncodings = 0;
			knownRegions = (
				en,
				Base,
			);
			mainGroup = 3F2A1A1D26D624AE004923BA;
			productRefGroup = 3F2A1A2726D624AE004923BA /* Products */;
			projectDirPath = "";
			projectRoot = "";
			targets = (
				3F2A1A2526D624AE004923BA /* RSTask10 */,
			);
		};
/* End PBXProject section */

/* Begin PBXResourcesBuildPhase section */
		3F2A1A2426D624AE004923BA /* Resources */ = {
			isa = PBXResourcesBuildPhase;
			buildActionMask = 2147483647;
			files = (
				3F2A1A3626D624AF004923BA /* LaunchScreen.storyboard in Resources */,
				3F2A1A4126D628A4004923BA /* Nunito-Bold.ttf in Resources */,
				3F2A1A3326D624AF004923BA /* Assets.xcassets in Resources */,
				3F2A1A4226D628A4004923BA /* Nunito-ExtraBold.ttf in Resources */,
				3F2A1A4326D628A4004923BA /* Nunito-SemiBold.ttf in Resources */,
			);
			runOnlyForDeploymentPostprocessing = 0;
		};
/* End PBXResourcesBuildPhase section */

/* Begin PBXSourcesBuildPhase section */
		3F2A1A2226D624AE004923BA /* Sources */ = {
			isa = PBXSourcesBuildPhase;
			buildActionMask = 2147483647;
			files = (
				3F768A4726DCB9B700684F24 /* Player.swift in Sources */,
				3F2A1A5326D6768C004923BA /* GameViewController.swift in Sources */,
				3F2A1A5526D677FD004923BA /* ShadowedButton.swift in Sources */,
				3F2A1A4A26D67614004923BA /* DashboardViewController.swift in Sources */,
				3FD81E0B26DD30470015675D /* GameViewModel.swift in Sources */,
				84FE66F126DC258A00DE8F57 /* CarouselCell.swift in Sources */,
				3F2A1A4F26D67665004923BA /* RollViewController.swift in Sources */,
				3FD81E0D26DD30CD0015675D /* ResultsViewModel.swift in Sources */,
				3F2A1A4C26D67630004923BA /* NewPlayerViewController.swift in Sources */,
				3F2A1A2A26D624AE004923BA /* AppDelegate.swift in Sources */,
				3F768A4A26DCBD2C00684F24 /* Coordinator.swift in Sources */,
				3F768A4D26DCBED700684F24 /* StatusService.swift in Sources */,
				3F2A1A5726D68DFB004923BA /* PlayerTextField.swift in Sources */,
				84FE66F426DC2A2800DE8F57 /* UserCell.swift in Sources */,
				3F2A1A5126D67675004923BA /* ResultViewController.swift in Sources */,
				3F768A5026DCBF3600684F24 /* DashboardViewModel.swift in Sources */,
				3F768A5326DCC26500684F24 /* NewPlayerViewModel.swift in Sources */,
			);
			runOnlyForDeploymentPostprocessing = 0;
		};
/* End PBXSourcesBuildPhase section */

/* Begin PBXVariantGroup section */
		3F2A1A3426D624AF004923BA /* LaunchScreen.storyboard */ = {
			isa = PBXVariantGroup;
			children = (
				3F2A1A3526D624AF004923BA /* Base */,
			);
			name = LaunchScreen.storyboard;
			sourceTree = "<group>";
		};
/* End PBXVariantGroup section */

/* Begin XCBuildConfiguration section */
		3F2A1A3826D624AF004923BA /* Debug */ = {
			isa = XCBuildConfiguration;
			buildSettings = {
				ALWAYS_SEARCH_USER_PATHS = NO;
				CLANG_ANALYZER_NONNULL = YES;
				CLANG_ANALYZER_NUMBER_OBJECT_CONVERSION = YES_AGGRESSIVE;
				CLANG_CXX_LANGUAGE_STANDARD = "gnu++14";
				CLANG_CXX_LIBRARY = "libc++";
				CLANG_ENABLE_MODULES = YES;
				CLANG_ENABLE_OBJC_ARC = YES;
				CLANG_ENABLE_OBJC_WEAK = YES;
				CLANG_WARN_BLOCK_CAPTURE_AUTORELEASING = YES;
				CLANG_WARN_BOOL_CONVERSION = YES;
				CLANG_WARN_COMMA = YES;
				CLANG_WARN_CONSTANT_CONVERSION = YES;
				CLANG_WARN_DEPRECATED_OBJC_IMPLEMENTATIONS = YES;
				CLANG_WARN_DIRECT_OBJC_ISA_USAGE = YES_ERROR;
				CLANG_WARN_DOCUMENTATION_COMMENTS = YES;
				CLANG_WARN_EMPTY_BODY = YES;
				CLANG_WARN_ENUM_CONVERSION = YES;
				CLANG_WARN_INFINITE_RECURSION = YES;
				CLANG_WARN_INT_CONVERSION = YES;
				CLANG_WARN_NON_LITERAL_NULL_CONVERSION = YES;
				CLANG_WARN_OBJC_IMPLICIT_RETAIN_SELF = YES;
				CLANG_WARN_OBJC_LITERAL_CONVERSION = YES;
				CLANG_WARN_OBJC_ROOT_CLASS = YES_ERROR;
				CLANG_WARN_QUOTED_INCLUDE_IN_FRAMEWORK_HEADER = YES;
				CLANG_WARN_RANGE_LOOP_ANALYSIS = YES;
				CLANG_WARN_STRICT_PROTOTYPES = YES;
				CLANG_WARN_SUSPICIOUS_MOVE = YES;
				CLANG_WARN_UNGUARDED_AVAILABILITY = YES_AGGRESSIVE;
				CLANG_WARN_UNREACHABLE_CODE = YES;
				CLANG_WARN__DUPLICATE_METHOD_MATCH = YES;
				COPY_PHASE_STRIP = NO;
				DEBUG_INFORMATION_FORMAT = dwarf;
				ENABLE_STRICT_OBJC_MSGSEND = YES;
				ENABLE_TESTABILITY = YES;
				GCC_C_LANGUAGE_STANDARD = gnu11;
				GCC_DYNAMIC_NO_PIC = NO;
				GCC_NO_COMMON_BLOCKS = YES;
				GCC_OPTIMIZATION_LEVEL = 0;
				GCC_PREPROCESSOR_DEFINITIONS = (
					"DEBUG=1",
					"$(inherited)",
				);
				GCC_WARN_64_TO_32_BIT_CONVERSION = YES;
				GCC_WARN_ABOUT_RETURN_TYPE = YES_ERROR;
				GCC_WARN_UNDECLARED_SELECTOR = YES;
				GCC_WARN_UNINITIALIZED_AUTOS = YES_AGGRESSIVE;
				GCC_WARN_UNUSED_FUNCTION = YES;
				GCC_WARN_UNUSED_VARIABLE = YES;
				IPHONEOS_DEPLOYMENT_TARGET = 14.5;
				MTL_ENABLE_DEBUG_INFO = INCLUDE_SOURCE;
				MTL_FAST_MATH = YES;
				ONLY_ACTIVE_ARCH = YES;
				SDKROOT = iphoneos;
				SWIFT_ACTIVE_COMPILATION_CONDITIONS = DEBUG;
				SWIFT_OPTIMIZATION_LEVEL = "-Onone";
			};
			name = Debug;
		};
		3F2A1A3926D624AF004923BA /* Release */ = {
			isa = XCBuildConfiguration;
			buildSettings = {
				ALWAYS_SEARCH_USER_PATHS = NO;
				CLANG_ANALYZER_NONNULL = YES;
				CLANG_ANALYZER_NUMBER_OBJECT_CONVERSION = YES_AGGRESSIVE;
				CLANG_CXX_LANGUAGE_STANDARD = "gnu++14";
				CLANG_CXX_LIBRARY = "libc++";
				CLANG_ENABLE_MODULES = YES;
				CLANG_ENABLE_OBJC_ARC = YES;
				CLANG_ENABLE_OBJC_WEAK = YES;
				CLANG_WARN_BLOCK_CAPTURE_AUTORELEASING = YES;
				CLANG_WARN_BOOL_CONVERSION = YES;
				CLANG_WARN_COMMA = YES;
				CLANG_WARN_CONSTANT_CONVERSION = YES;
				CLANG_WARN_DEPRECATED_OBJC_IMPLEMENTATIONS = YES;
				CLANG_WARN_DIRECT_OBJC_ISA_USAGE = YES_ERROR;
				CLANG_WARN_DOCUMENTATION_COMMENTS = YES;
				CLANG_WARN_EMPTY_BODY = YES;
				CLANG_WARN_ENUM_CONVERSION = YES;
				CLANG_WARN_INFINITE_RECURSION = YES;
				CLANG_WARN_INT_CONVERSION = YES;
				CLANG_WARN_NON_LITERAL_NULL_CONVERSION = YES;
				CLANG_WARN_OBJC_IMPLICIT_RETAIN_SELF = YES;
				CLANG_WARN_OBJC_LITERAL_CONVERSION = YES;
				CLANG_WARN_OBJC_ROOT_CLASS = YES_ERROR;
				CLANG_WARN_QUOTED_INCLUDE_IN_FRAMEWORK_HEADER = YES;
				CLANG_WARN_RANGE_LOOP_ANALYSIS = YES;
				CLANG_WARN_STRICT_PROTOTYPES = YES;
				CLANG_WARN_SUSPICIOUS_MOVE = YES;
				CLANG_WARN_UNGUARDED_AVAILABILITY = YES_AGGRESSIVE;
				CLANG_WARN_UNREACHABLE_CODE = YES;
				CLANG_WARN__DUPLICATE_METHOD_MATCH = YES;
				COPY_PHASE_STRIP = NO;
				DEBUG_INFORMATION_FORMAT = "dwarf-with-dsym";
				ENABLE_NS_ASSERTIONS = NO;
				ENABLE_STRICT_OBJC_MSGSEND = YES;
				GCC_C_LANGUAGE_STANDARD = gnu11;
				GCC_NO_COMMON_BLOCKS = YES;
				GCC_WARN_64_TO_32_BIT_CONVERSION = YES;
				GCC_WARN_ABOUT_RETURN_TYPE = YES_ERROR;
				GCC_WARN_UNDECLARED_SELECTOR = YES;
				GCC_WARN_UNINITIALIZED_AUTOS = YES_AGGRESSIVE;
				GCC_WARN_UNUSED_FUNCTION = YES;
				GCC_WARN_UNUSED_VARIABLE = YES;
				IPHONEOS_DEPLOYMENT_TARGET = 14.5;
				MTL_ENABLE_DEBUG_INFO = NO;
				MTL_FAST_MATH = YES;
				SDKROOT = iphoneos;
				SWIFT_COMPILATION_MODE = wholemodule;
				SWIFT_OPTIMIZATION_LEVEL = "-O";
				VALIDATE_PRODUCT = YES;
			};
			name = Release;
		};
		3F2A1A3B26D624AF004923BA /* Debug */ = {
			isa = XCBuildConfiguration;
			buildSettings = {
				ASSETCATALOG_COMPILER_APPICON_NAME = AppIcon;
				ASSETCATALOG_COMPILER_GLOBAL_ACCENT_COLOR_NAME = AccentColor;
				CODE_SIGN_STYLE = Automatic;
				DEVELOPMENT_TEAM = 9G6V47L895;
				INFOPLIST_FILE = "RSTask10/Support Files/Info.plist";
				IPHONEOS_DEPLOYMENT_TARGET = 12.1;
				LD_RUNPATH_SEARCH_PATHS = (
					"$(inherited)",
					"@executable_path/Frameworks",
				);
				PRODUCT_BUNDLE_IDENTIFIER = com.ivan.budovich.RSTask10;
				PRODUCT_NAME = "$(TARGET_NAME)";
				SWIFT_VERSION = 5.0;
				TARGETED_DEVICE_FAMILY = "1,2";
			};
			name = Debug;
		};
		3F2A1A3C26D624AF004923BA /* Release */ = {
			isa = XCBuildConfiguration;
			buildSettings = {
				ASSETCATALOG_COMPILER_APPICON_NAME = AppIcon;
				ASSETCATALOG_COMPILER_GLOBAL_ACCENT_COLOR_NAME = AccentColor;
				CODE_SIGN_STYLE = Automatic;
				DEVELOPMENT_TEAM = 9G6V47L895;
				INFOPLIST_FILE = "RSTask10/Support Files/Info.plist";
				IPHONEOS_DEPLOYMENT_TARGET = 12.1;
				LD_RUNPATH_SEARCH_PATHS = (
					"$(inherited)",
					"@executable_path/Frameworks",
				);
				PRODUCT_BUNDLE_IDENTIFIER = com.ivan.budovich.RSTask10;
				PRODUCT_NAME = "$(TARGET_NAME)";
				SWIFT_VERSION = 5.0;
				TARGETED_DEVICE_FAMILY = "1,2";
			};
			name = Release;
		};
/* End XCBuildConfiguration section */

/* Begin XCConfigurationList section */
		3F2A1A2126D624AE004923BA /* Build configuration list for PBXProject "RSTask10" */ = {
			isa = XCConfigurationList;
			buildConfigurations = (
				3F2A1A3826D624AF004923BA /* Debug */,
				3F2A1A3926D624AF004923BA /* Release */,
			);
			defaultConfigurationIsVisible = 0;
			defaultConfigurationName = Release;
		};
		3F2A1A3A26D624AF004923BA /* Build configuration list for PBXNativeTarget "RSTask10" */ = {
			isa = XCConfigurationList;
			buildConfigurations = (
				3F2A1A3B26D624AF004923BA /* Debug */,
				3F2A1A3C26D624AF004923BA /* Release */,
			);
			defaultConfigurationIsVisible = 0;
			defaultConfigurationName = Release;
		};
/* End XCConfigurationList section */
	};
	rootObject = 3F2A1A1E26D624AE004923BA /* Project object */;
}
